
Microsoft Visual Studio Solution File, Format Version 12.00
# Visual Studio 15
Project("{FAE04EC0-301F-11D3-BF4B-00C04F79EFBC}") = "Assembly-CSharp-Editor-firstpass", "Assembly-CSharp-Editor-firstpass.csproj", "{26926AC3-3D83-F9A5-2D49-82A4B59F96C0}"
EndProject
Project("{FAE04EC0-301F-11D3-BF4B-00C04F79EFBC}") = "Assembly-CSharp-firstpass", "Assembly-CSharp-firstpass.csproj", "{F605E659-57C7-928B-69FD-4167EA37F2C1}"
EndProject
Project("{FAE04EC0-301F-11D3-BF4B-00C04F79EFBC}") = "Assembly-CSharp-Editor", "Assembly-CSharp-Editor.csproj", "{33CB055D-9D5B-06F9-7572-75EBF1CC8A85}"
EndProject
Project("{FAE04EC0-301F-11D3-BF4B-00C04F79EFBC}") = "Assembly-CSharp", "Assembly-CSharp.csproj", "{4907957D-567B-639B-6819-F747482822D8}"
EndProject
Global
	GlobalSection(SolutionConfigurationPlatforms) = preSolution
		Debug|Any CPU = Debug|Any CPU
		Release|Any CPU = Release|Any CPU
	EndGlobalSection
	GlobalSection(ProjectConfigurationPlatforms) = postSolution
		{26926AC3-3D83-F9A5-2D49-82A4B59F96C0}.Debug|Any CPU.ActiveCfg = Debug|Any CPU
		{26926AC3-3D83-F9A5-2D49-82A4B59F96C0}.Debug|Any CPU.Build.0 = Debug|Any CPU
		{26926AC3-3D83-F9A5-2D49-82A4B59F96C0}.Release|Any CPU.ActiveCfg = Release|Any CPU
		{26926AC3-3D83-F9A5-2D49-82A4B59F96C0}.Release|Any CPU.Build.0 = Release|Any CPU
		{F605E659-57C7-928B-69FD-4167EA37F2C1}.Debug|Any CPU.ActiveCfg = Debug|Any CPU
		{F605E659-57C7-928B-69FD-4167EA37F2C1}.Debug|Any CPU.Build.0 = Debug|Any CPU
		{F605E659-57C7-928B-69FD-4167EA37F2C1}.Release|Any CPU.ActiveCfg = Release|Any CPU
		{F605E659-57C7-928B-69FD-4167EA37F2C1}.Release|Any CPU.Build.0 = Release|Any CPU
		{33CB055D-9D5B-06F9-7572-75EBF1CC8A85}.Debug|Any CPU.ActiveCfg = Debug|Any CPU
		{33CB055D-9D5B-06F9-7572-75EBF1CC8A85}.Debug|Any CPU.Build.0 = Debug|Any CPU
		{33CB055D-9D5B-06F9-7572-75EBF1CC8A85}.Release|Any CPU.ActiveCfg = Release|Any CPU
		{33CB055D-9D5B-06F9-7572-75EBF1CC8A85}.Release|Any CPU.Build.0 = Release|Any CPU
		{4907957D-567B-639B-6819-F747482822D8}.Debug|Any CPU.ActiveCfg = Debug|Any CPU
		{4907957D-567B-639B-6819-F747482822D8}.Debug|Any CPU.Build.0 = Debug|Any CPU
		{4907957D-567B-639B-6819-F747482822D8}.Release|Any CPU.ActiveCfg = Release|Any CPU
		{4907957D-567B-639B-6819-F747482822D8}.Release|Any CPU.Build.0 = Release|Any CPU
	EndGlobalSection
	GlobalSection(SolutionProperties) = preSolution
		HideSolutionNode = FALSE
	EndGlobalSection
EndGlobal
